
Microsoft Visual Studio Solution File, Format Version 12.00
# Visual Studio Version 17
VisualStudioVersion = 17.8.34511.84
MinimumVisualStudioVersion = 10.0.40219.1
Project("{FAE04EC0-301F-11D3-BF4B-00C04F79EFBC}") = "Pacman", "Pacman.csproj", "{D2E82BCA-F0BC-4EC3-ABF4-72CBF68B1B38}"
EndProject
Global
	GlobalSection(SolutionConfigurationPlatforms) = preSolution
		Debug|Any CPU = Debug|Any CPU
		Release|Any CPU = Release|Any CPU
	EndGlobalSection
	GlobalSection(ProjectConfigurationPlatforms) = postSolution
		{D2E82BCA-F0BC-4EC3-ABF4-72CBF68B1B38}.Debug|Any CPU.ActiveCfg = Debug|Any CPU
		{D2E82BCA-F0BC-4EC3-ABF4-72CBF68B1B38}.Debug|Any CPU.Build.0 = Debug|Any CPU
		{D2E82BCA-F0BC-4EC3-ABF4-72CBF68B1B38}.Release|Any CPU.ActiveCfg = Release|Any CPU
		{D2E82BCA-F0BC-4EC3-ABF4-72CBF68B1B38}.Release|Any CPU.Build.0 = Release|Any CPU
	EndGlobalSection
	GlobalSection(SolutionProperties) = preSolution
		HideSolutionNode = FALSE
	EndGlobalSection
	GlobalSection(ExtensibilityGlobals) = postSolution
		SolutionGuid = {14783851-385B-42E9-B97A-E2FC921A9712}
	EndGlobalSection
EndGlobal
